
Microsoft Visual Studio Solution File, Format Version 12.00
# Visual Studio 2012
Project("{FAE04EC0-301F-11D3-BF4B-00C04F79EFBC}") = "Nonlinearities.Analysis", "Nonlinearities.Analysis\Nonlinearities.Analysis.csproj", "{4E84A1FA-5806-486F-B1E2-15C4B8A7FDD6}"
EndProject
Project("{FAE04EC0-301F-11D3-BF4B-00C04F79EFBC}") = "csmatio", "Libraries\CSMatIO\src\csmatio.csproj", "{D6EB17BF-9074-484F-9950-E06169A3C39D}"
EndProject
Project("{FAE04EC0-301F-11D3-BF4B-00C04F79EFBC}") = "Nonlinearities.Tests", "Nonlinearities.Tests\Nonlinearities.Tests.csproj", "{9BFDD7CB-CD86-4B9E-AA79-B913684D398D}"
EndProject
Project("{FAE04EC0-301F-11D3-BF4B-00C04F79EFBC}") = "Nonlinearities.Gui", "Nonlinearities.Gui\Nonlinearities.Gui.csproj", "{8553BAC9-BCB9-4B95-A55B-3E08BC5C9682}"
EndProject
Global
	GlobalSection(SolutionConfigurationPlatforms) = preSolution
		Debug|Any CPU = Debug|Any CPU
		Release|Any CPU = Release|Any CPU
	EndGlobalSection
	GlobalSection(ProjectConfigurationPlatforms) = postSolution
		{4E84A1FA-5806-486F-B1E2-15C4B8A7FDD6}.Debug|Any CPU.ActiveCfg = Debug|Any CPU
		{4E84A1FA-5806-486F-B1E2-15C4B8A7FDD6}.Debug|Any CPU.Build.0 = Debug|Any CPU
		{4E84A1FA-5806-486F-B1E2-15C4B8A7FDD6}.Release|Any CPU.ActiveCfg = Release|Any CPU
		{4E84A1FA-5806-486F-B1E2-15C4B8A7FDD6}.Release|Any CPU.Build.0 = Release|Any CPU
		{D6EB17BF-9074-484F-9950-E06169A3C39D}.Debug|Any CPU.ActiveCfg = Debug|Any CPU
		{D6EB17BF-9074-484F-9950-E06169A3C39D}.Debug|Any CPU.Build.0 = Debug|Any CPU
		{D6EB17BF-9074-484F-9950-E06169A3C39D}.Release|Any CPU.ActiveCfg = Release|Any CPU
		{D6EB17BF-9074-484F-9950-E06169A3C39D}.Release|Any CPU.Build.0 = Release|Any CPU
		{9BFDD7CB-CD86-4B9E-AA79-B913684D398D}.Debug|Any CPU.ActiveCfg = Debug|Any CPU
		{9BFDD7CB-CD86-4B9E-AA79-B913684D398D}.Debug|Any CPU.Build.0 = Debug|Any CPU
		{9BFDD7CB-CD86-4B9E-AA79-B913684D398D}.Release|Any CPU.ActiveCfg = Release|Any CPU
		{9BFDD7CB-CD86-4B9E-AA79-B913684D398D}.Release|Any CPU.Build.0 = Release|Any CPU
		{8553BAC9-BCB9-4B95-A55B-3E08BC5C9682}.Debug|Any CPU.ActiveCfg = Debug|Any CPU
		{8553BAC9-BCB9-4B95-A55B-3E08BC5C9682}.Debug|Any CPU.Build.0 = Debug|Any CPU
		{8553BAC9-BCB9-4B95-A55B-3E08BC5C9682}.Release|Any CPU.ActiveCfg = Release|Any CPU
		{8553BAC9-BCB9-4B95-A55B-3E08BC5C9682}.Release|Any CPU.Build.0 = Release|Any CPU
	EndGlobalSection
	GlobalSection(SolutionProperties) = preSolution
		HideSolutionNode = FALSE
	EndGlobalSection
	GlobalSection(Performance) = preSolution
		HasPerformanceSessions = true
	EndGlobalSection
EndGlobal
